{
  "requires": true,
  "lockfileVersion": 1,
  "dependencies": {
    "vue3-click-away": {
      "version": "1.2.1",
      "resolved": "https://registry.npmjs.org/vue3-click-away/-/vue3-click-away-1.2.1.tgz",
      "integrity": "sha512-8GA3rfFlwIS9oCqFzqGdk7CvUz7JwvoiBJQLW4BxrVQEgzTB9oo/lWMazz4XwouA8tnquIHa2ZBHLix689RpAg=="
    }
  }
}
